{
  "object": {
    "pins": [
      {
        "package": "Alamofire",
        "repositoryURL": "https://github.com/Alamofire/Alamofire",
        "state": {
          "branch": null,
          "revision": "ce5be6fbc6f51414c49f56fc8e2b7c99253d9f8e",
          "version": "4.9.0"
        }
      },
      {
        "package": "CryptoSwift",
        "repositoryURL": "https://github.com/krzyzanowskim/CryptoSwift",
        "state": {
          "branch": null,
          "revision": "4ccfe9034a07af4b153657ba1cdac702ffcf8f2f",
          "version": "1.1.2"
        }
      },
      {
        "package": "SDWebImage",
        "repositoryURL": "https://github.com/SDWebImage/SDWebImage",
        "state": {
          "branch": null,
          "revision": "a42a22ff88ae300d888942ffd801e9744a11027e",
          "version": "5.2.3"
        }
      }
    ]
  },
  "version": 1
}
